
Microsoft Visual Studio Solution File, Format Version 12.00
# Visual Studio Version 17
VisualStudioVersion = 17.10.35027.167
MinimumVisualStudioVersion = 10.0.40219.1
Project("{9A19103F-16F7-4668-BE54-9A1E7A4F7556}") = "AppVenta.Dominio", "AppVenta.Dominio.csproj", "{49DBC4C5-A68A-4A6F-B2BB-A4C2FB689FF0}"
EndProject
Project("{FAE04EC0-301F-11D3-BF4B-00C04F79EFBC}") = "AppVenta.Aplicaciones", "..\AppVenta.Aplicaciones\AppVenta.Aplicaciones.csproj", "{D600E3E9-8B2D-4096-9A85-CCA936F1CF5F}"
EndProject
Project("{FAE04EC0-301F-11D3-BF4B-00C04F79EFBC}") = "AppVenta.Infraestructura.Datos", "..\AppVenta.Infraestructura.Datos\AppVenta.Infraestructura.Datos.csproj", "{BFF376E5-9E64-4059-BC3E-06CBF1C59D20}"
EndProject
Global
	GlobalSection(SolutionConfigurationPlatforms) = preSolution
		Debug|Any CPU = Debug|Any CPU
		Release|Any CPU = Release|Any CPU
	EndGlobalSection
	GlobalSection(ProjectConfigurationPlatforms) = postSolution
		{49DBC4C5-A68A-4A6F-B2BB-A4C2FB689FF0}.Debug|Any CPU.ActiveCfg = Debug|Any CPU
		{49DBC4C5-A68A-4A6F-B2BB-A4C2FB689FF0}.Debug|Any CPU.Build.0 = Debug|Any CPU
		{49DBC4C5-A68A-4A6F-B2BB-A4C2FB689FF0}.Release|Any CPU.ActiveCfg = Release|Any CPU
		{49DBC4C5-A68A-4A6F-B2BB-A4C2FB689FF0}.Release|Any CPU.Build.0 = Release|Any CPU
		{D600E3E9-8B2D-4096-9A85-CCA936F1CF5F}.Debug|Any CPU.ActiveCfg = Debug|Any CPU
		{D600E3E9-8B2D-4096-9A85-CCA936F1CF5F}.Debug|Any CPU.Build.0 = Debug|Any CPU
		{D600E3E9-8B2D-4096-9A85-CCA936F1CF5F}.Release|Any CPU.ActiveCfg = Release|Any CPU
		{D600E3E9-8B2D-4096-9A85-CCA936F1CF5F}.Release|Any CPU.Build.0 = Release|Any CPU
		{BFF376E5-9E64-4059-BC3E-06CBF1C59D20}.Debug|Any CPU.ActiveCfg = Debug|Any CPU
		{BFF376E5-9E64-4059-BC3E-06CBF1C59D20}.Debug|Any CPU.Build.0 = Debug|Any CPU
		{BFF376E5-9E64-4059-BC3E-06CBF1C59D20}.Release|Any CPU.ActiveCfg = Release|Any CPU
		{BFF376E5-9E64-4059-BC3E-06CBF1C59D20}.Release|Any CPU.Build.0 = Release|Any CPU
	EndGlobalSection
	GlobalSection(SolutionProperties) = preSolution
		HideSolutionNode = FALSE
	EndGlobalSection
	GlobalSection(ExtensibilityGlobals) = postSolution
		SolutionGuid = {A37C6F2E-29EA-440F-A0D8-7BF813CA4B41}
	EndGlobalSection
EndGlobal
